
Microsoft Visual Studio Solution File, Format Version 12.00
Project("{FAE04EC0-301F-11D3-BF4B-00C04F79EFBC}") = "SolarWatch", "SolarWatch\SolarWatch.csproj", "{F27DFEAA-8B57-40C3-B878-C707884CAEEB}"
EndProject
Project("{FAE04EC0-301F-11D3-BF4B-00C04F79EFBC}") = "SolarWatchTest", "SolarWatchTest\SolarWatchTest.csproj", "{A433B8DD-4F26-4E7A-8994-FDC896F62519}"
EndProject
Project("{2150E333-8FDC-42A3-9474-1A3956D46DE8}") = "Solution Items", "Solution Items", "{6FB412EA-D0F5-44C1-9669-58910B81523D}"
	ProjectSection(SolutionItems) = preProject
		docker-compose.yml = docker-compose.yml
	EndProjectSection
EndProject
Global
	GlobalSection(SolutionConfigurationPlatforms) = preSolution
		Debug|Any CPU = Debug|Any CPU
		Release|Any CPU = Release|Any CPU
	EndGlobalSection
	GlobalSection(ProjectConfigurationPlatforms) = postSolution
		{F27DFEAA-8B57-40C3-B878-C707884CAEEB}.Debug|Any CPU.ActiveCfg = Debug|Any CPU
		{F27DFEAA-8B57-40C3-B878-C707884CAEEB}.Debug|Any CPU.Build.0 = Debug|Any CPU
		{F27DFEAA-8B57-40C3-B878-C707884CAEEB}.Release|Any CPU.ActiveCfg = Release|Any CPU
		{F27DFEAA-8B57-40C3-B878-C707884CAEEB}.Release|Any CPU.Build.0 = Release|Any CPU
		{A433B8DD-4F26-4E7A-8994-FDC896F62519}.Debug|Any CPU.ActiveCfg = Debug|Any CPU
		{A433B8DD-4F26-4E7A-8994-FDC896F62519}.Debug|Any CPU.Build.0 = Debug|Any CPU
		{A433B8DD-4F26-4E7A-8994-FDC896F62519}.Release|Any CPU.ActiveCfg = Release|Any CPU
		{A433B8DD-4F26-4E7A-8994-FDC896F62519}.Release|Any CPU.Build.0 = Release|Any CPU
	EndGlobalSection
EndGlobal
